{
    "version": 3,
    "terraform_version": "0.11.14",
    "serial": 4,
    "lineage": "ce27621e-bf69-b211-fdd9-ddd8a0150f44",
    "modules": [
        {
            "path": [
                "root"
            ],
            "outputs": {
                "resource_id": {
                    "sensitive": false,
                    "type": "string",
                    "value": "crn:v1:bluemix:public:cloud-object-storage:global:a/b5ecedf6a6bc4b7797bfd611e246f418:94ba59c6-eacc-4624-9121-f59f0f75d3cd::"
                }
            },
            "resources": {
                "ibm_resource_instance.cose-testing-dal": {
                    "type": "ibm_resource_instance",
                    "depends_on": [],
                    "primary": {
                        "id": "crn:v1:bluemix:public:cloud-object-storage:global:a/b5ecedf6a6bc4b7797bfd611e246f418:94ba59c6-eacc-4624-9121-f59f0f75d3cd::",
                        "attributes": {
                            "crn": "crn:v1:bluemix:public:cloud-object-storage:global:a/b5ecedf6a6bc4b7797bfd611e246f418:94ba59c6-eacc-4624-9121-f59f0f75d3cd::",
                            "guid": "94ba59c6-eacc-4624-9121-f59f0f75d3cd",
                            "id": "crn:v1:bluemix:public:cloud-object-storage:global:a/b5ecedf6a6bc4b7797bfd611e246f418:94ba59c6-eacc-4624-9121-f59f0f75d3cd::",
                            "location": "global",
                            "name": "cos-tera-testing-dal12",
                            "plan": "standard",
                            "resource_controller_url": "https://cloud.ibm.com/services/",
                            "resource_crn": "crn:v1:bluemix:public:cloud-object-storage:global:a/b5ecedf6a6bc4b7797bfd611e246f418:94ba59c6-eacc-4624-9121-f59f0f75d3cd::",
                            "resource_group_id": "c66327a3523043c39a6411a787915d5a",
                            "resource_group_name": "",
                            "resource_name": "cos-tera-testing-dal12",
                            "resource_status": "active",
                            "service": "cloud-object-storage",
                            "status": "active",
                            "tags.#": "0"
                        },
                        "meta": {
                            "e2bfb730-ecaa-11e6-8f88-34363bc7c4c0": {
                                "create": 900000000000,
                                "delete": 900000000000,
                                "update": 900000000000
                            }
                        },
                        "tainted": false
                    },
                    "deposed": [],
                    "provider": "provider.ibm"
                }
            },
            "depends_on": []
        }
    ]
}
