{
    "version": 3,
    "terraform_version": "0.11.14",
    "serial": 10,
    "lineage": "b8e8ced8-7b2e-d1db-251d-77a81467e414",
    "modules": [
        {
            "path": [
                "root"
            ],
            "outputs": {
                "resource_id": {
                    "sensitive": false,
                    "type": "string",
                    "value": "crn:v1:bluemix:public:cloud-object-storage:global:a/b5ecedf6a6bc4b7797bfd611e246f418:4fb8f3b8-5762-4f41-b2ab-6031050cb1de::"
                }
            },
            "resources": {
                "data.ibm_container_cluster_config.iks-cluster-config": {
                    "type": "ibm_container_cluster_config",
                    "depends_on": [
                        "data.ibm_resource_group.resource-group",
                        "ibm_container_cluster.iks-cluster",
                        "ibm_container_worker_pool.multizone",
                        "ibm_network_vlan.private",
                        "ibm_network_vlan.public"
                    ],
                    "primary": {
                        "id": "analyticseng-ingestes-iks-dal",
                        "attributes": {
                            "admin": "false",
                            "calico_config_file_path": "",
                            "cluster_name_id": "analyticseng-ingestes-iks-dal",
                            "config_dir": "/root",
                            "config_file_path": "/root/21ae0ab2a9824bdccc5eacf156840ff6891daad4_analyticseng-ingestes-iks-dal_k8sconfig/config.yml",
                            "download": "true",
                            "id": "analyticseng-ingestes-iks-dal",
                            "network": "false",
                            "resource_group_id": "c66327a3523043c39a6411a787915d5a"
                        },
                        "meta": {},
                        "tainted": false
                    },
                    "deposed": [],
                    "provider": "provider.ibm"
                },
                "data.ibm_org.org": {
                    "type": "ibm_org",
                    "depends_on": [],
                    "primary": {
                        "id": "a8105e45-eb60-42f9-b4f7-52dc55fcbcca",
                        "attributes": {
                            "id": "a8105e45-eb60-42f9-b4f7-52dc55fcbcca",
                            "org": "twcoap@us.ibm.com"
                        },
                        "meta": {},
                        "tainted": false
                    },
                    "deposed": [],
                    "provider": "provider.ibm"
                },
                "data.ibm_resource_group.resource-group": {
                    "type": "ibm_resource_group",
                    "depends_on": [],
                    "primary": {
                        "id": "c66327a3523043c39a6411a787915d5a",
                        "attributes": {
                            "id": "c66327a3523043c39a6411a787915d5a",
                            "is_default": "false",
                            "name": "Default"
                        },
                        "meta": {},
                        "tainted": false
                    },
                    "deposed": [],
                    "provider": "provider.ibm"
                },
                "data.ibm_space.space": {
                    "type": "ibm_space",
                    "depends_on": [],
                    "primary": {
                        "id": "fb010c6b-ae44-45a9-b20d-eb7372b2c793",
                        "attributes": {
                            "auditors.#": "2",
                            "auditors.3068788355": "twcoap@us.ibm.com",
                            "auditors.338955265": "Ajay.Jayswal@ibm.com",
                            "developers.#": "2",
                            "developers.3068788355": "twcoap@us.ibm.com",
                            "developers.338955265": "Ajay.Jayswal@ibm.com",
                            "id": "fb010c6b-ae44-45a9-b20d-eb7372b2c793",
                            "managers.#": "2",
                            "managers.3068788355": "twcoap@us.ibm.com",
                            "managers.338955265": "Ajay.Jayswal@ibm.com",
                            "org": "twcoap@us.ibm.com",
                            "space": "dev"
                        },
                        "meta": {},
                        "tainted": false
                    },
                    "deposed": [],
                    "provider": "provider.ibm"
                },
                "ibm_container_bind_service.EvenSt-iks-bind": {
                    "type": "ibm_container_bind_service",
                    "depends_on": [
                        "data.ibm_org.org",
                        "data.ibm_resource_group.resource-group",
                        "data.ibm_space.space",
                        "ibm_container_cluster.iks-cluster",
                        "ibm_resource_instance.event-stream"
                    ],
                    "primary": {
                        "id": "bpaks2ad0nq9jj2i66mg/analyticseng-ingestes-enterprise-poc-trial/default",
                        "attributes": {
                            "cluster_name_id": "bpaks2ad0nq9jj2i66mg",
                            "id": "bpaks2ad0nq9jj2i66mg/analyticseng-ingestes-enterprise-poc-trial/default",
                            "key": "analyticseng-ingestes-poc-trial-key",
                            "namespace_id": "default",
                            "org_guid": "a8105e45-eb60-42f9-b4f7-52dc55fcbcca",
                            "resource_group_id": "c66327a3523043c39a6411a787915d5a",
                            "role": "Writer",
                            "service_instance_id": "d14a33de-062b-4e40-8d69-723d2bc51235",
                            "service_instance_name": "analyticseng-ingestes-enterprise-poc-trial",
                            "space_guid": "fb010c6b-ae44-45a9-b20d-eb7372b2c793"
                        },
                        "meta": {},
                        "tainted": false
                    },
                    "deposed": [],
                    "provider": "provider.ibm"
                },
                "ibm_container_bind_service.objectstorage-iks-bind": {
                    "type": "ibm_container_bind_service",
                    "depends_on": [
                        "data.ibm_org.org",
                        "data.ibm_resource_group.resource-group",
                        "data.ibm_space.space",
                        "ibm_container_cluster.iks-cluster",
                        "ibm_resource_instance.cos-resource-instance"
                    ],
                    "primary": {
                        "id": "bpaks2ad0nq9jj2i66mg/analyticsengingestes-cos-poc-trial/default",
                        "attributes": {
                            "cluster_name_id": "bpaks2ad0nq9jj2i66mg",
                            "id": "bpaks2ad0nq9jj2i66mg/analyticsengingestes-cos-poc-trial/default",
                            "namespace_id": "default",
                            "org_guid": "a8105e45-eb60-42f9-b4f7-52dc55fcbcca",
                            "resource_group_id": "c66327a3523043c39a6411a787915d5a",
                            "role": "Writer",
                            "service_instance_id": "4fb8f3b8-5762-4f41-b2ab-6031050cb1de",
                            "service_instance_name": "analyticsengingestes-cos-poc-trial",
                            "space_guid": "fb010c6b-ae44-45a9-b20d-eb7372b2c793"
                        },
                        "meta": {},
                        "tainted": false
                    },
                    "deposed": [],
                    "provider": "provider.ibm"
                },
                "ibm_container_cluster.iks-cluster": {
                    "type": "ibm_container_cluster",
                    "depends_on": [
                        "data.ibm_org.org",
                        "data.ibm_resource_group.resource-group",
                        "data.ibm_space.space",
                        "ibm_network_vlan.private",
                        "ibm_network_vlan.public"
                    ],
                    "primary": {
                        "id": "bpaks2ad0nq9jj2i66mg",
                        "attributes": {
                            "albs.#": "6",
                            "albs.0.alb_ip": "",
                            "albs.0.alb_type": "private",
                            "albs.0.disable_deployment": "false",
                            "albs.0.enable": "false",
                            "albs.0.id": "private-crbpaks2ad0nq9jj2i66mg-alb1",
                            "albs.0.name": "",
                            "albs.0.num_of_instances": "",
                            "albs.0.resize": "false",
                            "albs.0.state": "disabled",
                            "albs.1.alb_ip": "",
                            "albs.1.alb_type": "private",
                            "albs.1.disable_deployment": "false",
                            "albs.1.enable": "false",
                            "albs.1.id": "private-crbpaks2ad0nq9jj2i66mg-alb2",
                            "albs.1.name": "",
                            "albs.1.num_of_instances": "",
                            "albs.1.resize": "false",
                            "albs.1.state": "disabled",
                            "albs.2.alb_ip": "",
                            "albs.2.alb_type": "private",
                            "albs.2.disable_deployment": "false",
                            "albs.2.enable": "false",
                            "albs.2.id": "private-crbpaks2ad0nq9jj2i66mg-alb3",
                            "albs.2.name": "",
                            "albs.2.num_of_instances": "",
                            "albs.2.resize": "false",
                            "albs.2.state": "disabled",
                            "albs.3.alb_ip": "52.116.181.226",
                            "albs.3.alb_type": "public",
                            "albs.3.disable_deployment": "false",
                            "albs.3.enable": "true",
                            "albs.3.id": "public-crbpaks2ad0nq9jj2i66mg-alb1",
                            "albs.3.name": "",
                            "albs.3.num_of_instances": "2",
                            "albs.3.resize": "false",
                            "albs.3.state": "enabled",
                            "albs.4.alb_ip": "169.59.195.170",
                            "albs.4.alb_type": "public",
                            "albs.4.disable_deployment": "false",
                            "albs.4.enable": "true",
                            "albs.4.id": "public-crbpaks2ad0nq9jj2i66mg-alb2",
                            "albs.4.name": "",
                            "albs.4.num_of_instances": "2",
                            "albs.4.resize": "false",
                            "albs.4.state": "enabled",
                            "albs.5.alb_ip": "52.117.245.138",
                            "albs.5.alb_type": "public",
                            "albs.5.disable_deployment": "false",
                            "albs.5.enable": "true",
                            "albs.5.id": "public-crbpaks2ad0nq9jj2i66mg-alb3",
                            "albs.5.name": "",
                            "albs.5.num_of_instances": "2",
                            "albs.5.resize": "false",
                            "albs.5.state": "enabled",
                            "billing": "hourly",
                            "crn": "crn:v1:bluemix:public:containers-kubernetes:us-south:a/b5ecedf6a6bc4b7797bfd611e246f418:bpaks2ad0nq9jj2i66mg::",
                            "datacenter": "dal10",
                            "default_pool_size": "1",
                            "disk_encryption": "true",
                            "hardware": "shared",
                            "id": "bpaks2ad0nq9jj2i66mg",
                            "ingress_hostname": "analyticseng-ingestes-i-e625c1c75db516d8352c73676ec447bb-0000.us-south.containers.appdomain.cloud",
                            "ingress_secret": "analyticseng-ingestes-i-e625c1c75db516d8352c73676ec447bb-0000",
                            "is_trusted": "false",
                            "kube_version": "1.15.10",
                            "machine_type": "b3c.32x128",
                            "name": "analyticseng-ingestes-iks-dal",
                            "no_subnet": "false",
                            "org_guid": "a8105e45-eb60-42f9-b4f7-52dc55fcbcca",
                            "private_service_endpoint": "false",
                            "private_service_endpoint_url": "",
                            "private_vlan_id": "2811778",
                            "public_service_endpoint": "true",
                            "public_service_endpoint_url": "https://c7.us-south.containers.cloud.ibm.com:27029",
                            "public_vlan_id": "2811780",
                            "region": "us-south",
                            "resource_controller_url": "https://cloud.ibm.com/kubernetes/clusters",
                            "resource_crn": "crn:v1:bluemix:public:containers-kubernetes:us-south:a/b5ecedf6a6bc4b7797bfd611e246f418:bpaks2ad0nq9jj2i66mg::",
                            "resource_group_id": "c66327a3523043c39a6411a787915d5a",
                            "resource_group_name": "Default",
                            "resource_name": "analyticseng-ingestes-iks-dal",
                            "resource_status": "normal",
                            "server_url": "https://c7.us-south.containers.cloud.ibm.com:27029",
                            "space_guid": "fb010c6b-ae44-45a9-b20d-eb7372b2c793",
                            "subnet_id.#": "0",
                            "tags.#": "0",
                            "update_all_workers": "false",
                            "wait_time_minutes": "90",
                            "worker_num": "0",
                            "worker_pools.#": "2",
                            "worker_pools.0.hardware": "public",
                            "worker_pools.0.id": "bpaks2ad0nq9jj2i66mg-3587c7a",
                            "worker_pools.0.labels.%": "1",
                            "worker_pools.0.labels.ibm-cloud.kubernetes.io/worker-pool-id": "bpaks2ad0nq9jj2i66mg-3587c7a",
                            "worker_pools.0.machine_type": "b3c.32x128.encrypted",
                            "worker_pools.0.name": "default",
                            "worker_pools.0.size_per_zone": "1",
                            "worker_pools.0.state": "active",
                            "worker_pools.0.zones.#": "1",
                            "worker_pools.0.zones.0.private_vlan": "2811778",
                            "worker_pools.0.zones.0.public_vlan": "2811780",
                            "worker_pools.0.zones.0.worker_count": "1",
                            "worker_pools.0.zones.0.zone": "dal10",
                            "worker_pools.1.hardware": "public",
                            "worker_pools.1.id": "bpaks2ad0nq9jj2i66mg-d36791a",
                            "worker_pools.1.labels.%": "2",
                            "worker_pools.1.labels.ibm-cloud.kubernetes.io/worker-pool-id": "bpaks2ad0nq9jj2i66mg-d36791a",
                            "worker_pools.1.labels.mul_az": "mul_az_pool",
                            "worker_pools.1.machine_type": "b3c.32x128.encrypted",
                            "worker_pools.1.name": "es-iks-multizone_pool",
                            "worker_pools.1.size_per_zone": "5",
                            "worker_pools.1.state": "active",
                            "worker_pools.1.zones.#": "3",
                            "worker_pools.1.zones.0.private_vlan": "2811778",
                            "worker_pools.1.zones.0.public_vlan": "2811780",
                            "worker_pools.1.zones.0.worker_count": "5",
                            "worker_pools.1.zones.0.zone": "dal10",
                            "worker_pools.1.zones.1.private_vlan": "2811784",
                            "worker_pools.1.zones.1.public_vlan": "2811776",
                            "worker_pools.1.zones.1.worker_count": "5",
                            "worker_pools.1.zones.1.zone": "dal12",
                            "worker_pools.1.zones.2.private_vlan": "2811774",
                            "worker_pools.1.zones.2.public_vlan": "2811782",
                            "worker_pools.1.zones.2.worker_count": "5",
                            "worker_pools.1.zones.2.zone": "dal13",
                            "workers_info.#": "16",
                            "workers_info.0.id": "kube-bpaks2ad0nq9jj2i66mg-analyticsen-default-000001be",
                            "workers_info.0.pool_name": "default",
                            "workers_info.0.version": "1.15.10",
                            "workers_info.1.id": "kube-bpaks2ad0nq9jj2i66mg-analyticsen-esiksmu-00000282",
                            "workers_info.1.pool_name": "es-iks-multizone_pool",
                            "workers_info.1.version": "1.15.10",
                            "workers_info.10.id": "kube-bpaks2ad0nq9jj2i66mg-analyticsen-esiksmu-00000b1c",
                            "workers_info.10.pool_name": "es-iks-multizone_pool",
                            "workers_info.10.version": "1.15.10",
                            "workers_info.11.id": "kube-bpaks2ad0nq9jj2i66mg-analyticsen-esiksmu-00000cc2",
                            "workers_info.11.pool_name": "es-iks-multizone_pool",
                            "workers_info.11.version": "1.15.10",
                            "workers_info.12.id": "kube-bpaks2ad0nq9jj2i66mg-analyticsen-esiksmu-00000d3e",
                            "workers_info.12.pool_name": "es-iks-multizone_pool",
                            "workers_info.12.version": "1.15.10",
                            "workers_info.13.id": "kube-bpaks2ad0nq9jj2i66mg-analyticsen-esiksmu-00000e64",
                            "workers_info.13.pool_name": "es-iks-multizone_pool",
                            "workers_info.13.version": "1.15.10",
                            "workers_info.14.id": "kube-bpaks2ad0nq9jj2i66mg-analyticsen-esiksmu-00000fbf",
                            "workers_info.14.pool_name": "es-iks-multizone_pool",
                            "workers_info.14.version": "1.15.10",
                            "workers_info.15.id": "kube-bpaks2ad0nq9jj2i66mg-analyticsen-esiksmu-0000104d",
                            "workers_info.15.pool_name": "es-iks-multizone_pool",
                            "workers_info.15.version": "1.15.10",
                            "workers_info.2.id": "kube-bpaks2ad0nq9jj2i66mg-analyticsen-esiksmu-000003bc",
                            "workers_info.2.pool_name": "es-iks-multizone_pool",
                            "workers_info.2.version": "1.15.10",
                            "workers_info.3.id": "kube-bpaks2ad0nq9jj2i66mg-analyticsen-esiksmu-000004eb",
                            "workers_info.3.pool_name": "es-iks-multizone_pool",
                            "workers_info.3.version": "1.15.10",
                            "workers_info.4.id": "kube-bpaks2ad0nq9jj2i66mg-analyticsen-esiksmu-000005dc",
                            "workers_info.4.pool_name": "es-iks-multizone_pool",
                            "workers_info.4.version": "1.15.10",
                            "workers_info.5.id": "kube-bpaks2ad0nq9jj2i66mg-analyticsen-esiksmu-000006cf",
                            "workers_info.5.pool_name": "es-iks-multizone_pool",
                            "workers_info.5.version": "1.15.10",
                            "workers_info.6.id": "kube-bpaks2ad0nq9jj2i66mg-analyticsen-esiksmu-00000787",
                            "workers_info.6.pool_name": "es-iks-multizone_pool",
                            "workers_info.6.version": "1.15.10",
                            "workers_info.7.id": "kube-bpaks2ad0nq9jj2i66mg-analyticsen-esiksmu-00000865",
                            "workers_info.7.pool_name": "es-iks-multizone_pool",
                            "workers_info.7.version": "1.15.10",
                            "workers_info.8.id": "kube-bpaks2ad0nq9jj2i66mg-analyticsen-esiksmu-000009dc",
                            "workers_info.8.pool_name": "es-iks-multizone_pool",
                            "workers_info.8.version": "1.15.10",
                            "workers_info.9.id": "kube-bpaks2ad0nq9jj2i66mg-analyticsen-esiksmu-00000ab5",
                            "workers_info.9.pool_name": "es-iks-multizone_pool",
                            "workers_info.9.version": "1.15.10"
                        },
                        "meta": {
                            "e2bfb730-ecaa-11e6-8f88-34363bc7c4c0": {
                                "create": 5400000000000,
                                "delete": 2700000000000,
                                "update": 2700000000000
                            }
                        },
                        "tainted": false
                    },
                    "deposed": [],
                    "provider": "provider.ibm"
                },
                "ibm_container_worker_pool.multizone": {
                    "type": "ibm_container_worker_pool",
                    "depends_on": [
                        "data.ibm_resource_group.resource-group",
                        "ibm_container_cluster.iks-cluster"
                    ],
                    "primary": {
                        "id": "bpaks2ad0nq9jj2i66mg/bpaks2ad0nq9jj2i66mg-d36791a",
                        "attributes": {
                            "cluster": "bpaks2ad0nq9jj2i66mg",
                            "disk_encryption": "true",
                            "hardware": "shared",
                            "id": "bpaks2ad0nq9jj2i66mg/bpaks2ad0nq9jj2i66mg-d36791a",
                            "labels.%": "2",
                            "labels.ibm-cloud.kubernetes.io/worker-pool-id": "bpaks2ad0nq9jj2i66mg-d36791a",
                            "labels.mul_az": "mul_az_pool",
                            "machine_type": "b3c.32x128",
                            "region": "us-south",
                            "resource_controller_url": "https://cloud.ibm.com/kubernetes/clusters",
                            "resource_group_id": "c66327a3523043c39a6411a787915d5a",
                            "size_per_zone": "5",
                            "state": "active",
                            "worker_pool_name": "es-iks-multizone_pool",
                            "zones.#": "3",
                            "zones.0.private_vlan": "2811778",
                            "zones.0.public_vlan": "2811780",
                            "zones.0.worker_count": "5",
                            "zones.0.zone": "dal10",
                            "zones.1.private_vlan": "2811784",
                            "zones.1.public_vlan": "2811776",
                            "zones.1.worker_count": "5",
                            "zones.1.zone": "dal12",
                            "zones.2.private_vlan": "2811774",
                            "zones.2.public_vlan": "2811782",
                            "zones.2.worker_count": "5",
                            "zones.2.zone": "dal13"
                        },
                        "meta": {
                            "e2bfb730-ecaa-11e6-8f88-34363bc7c4c0": {
                                "update": 5400000000000
                            }
                        },
                        "tainted": false
                    },
                    "deposed": [],
                    "provider": "provider.ibm"
                },
                "ibm_container_worker_pool_zone_attachment.multizone.0": {
                    "type": "ibm_container_worker_pool_zone_attachment",
                    "depends_on": [
                        "data.ibm_resource_group.resource-group",
                        "ibm_container_cluster.iks-cluster",
                        "ibm_container_worker_pool.multizone",
                        "ibm_network_vlan.private.*",
                        "ibm_network_vlan.public.*"
                    ],
                    "primary": {
                        "id": "bpaks2ad0nq9jj2i66mg/bpaks2ad0nq9jj2i66mg-d36791a/dal10",
                        "attributes": {
                            "cluster": "bpaks2ad0nq9jj2i66mg",
                            "id": "bpaks2ad0nq9jj2i66mg/bpaks2ad0nq9jj2i66mg-d36791a/dal10",
                            "private_vlan_id": "2811778",
                            "public_vlan_id": "2811780",
                            "region": "us-south",
                            "resource_group_id": "c66327a3523043c39a6411a787915d5a",
                            "worker_count": "5",
                            "worker_pool": "bpaks2ad0nq9jj2i66mg-d36791a",
                            "zone": "dal10"
                        },
                        "meta": {
                            "e2bfb730-ecaa-11e6-8f88-34363bc7c4c0": {
                                "create": 5400000000000,
                                "delete": 5400000000000,
                                "update": 5400000000000
                            }
                        },
                        "tainted": false
                    },
                    "deposed": [],
                    "provider": "provider.ibm"
                },
                "ibm_container_worker_pool_zone_attachment.multizone.1": {
                    "type": "ibm_container_worker_pool_zone_attachment",
                    "depends_on": [
                        "data.ibm_resource_group.resource-group",
                        "ibm_container_cluster.iks-cluster",
                        "ibm_container_worker_pool.multizone",
                        "ibm_network_vlan.private.*",
                        "ibm_network_vlan.public.*"
                    ],
                    "primary": {
                        "id": "bpaks2ad0nq9jj2i66mg/bpaks2ad0nq9jj2i66mg-d36791a/dal12",
                        "attributes": {
                            "cluster": "bpaks2ad0nq9jj2i66mg",
                            "id": "bpaks2ad0nq9jj2i66mg/bpaks2ad0nq9jj2i66mg-d36791a/dal12",
                            "private_vlan_id": "2811784",
                            "public_vlan_id": "2811776",
                            "region": "us-south",
                            "resource_group_id": "c66327a3523043c39a6411a787915d5a",
                            "worker_count": "5",
                            "worker_pool": "bpaks2ad0nq9jj2i66mg-d36791a",
                            "zone": "dal12"
                        },
                        "meta": {
                            "e2bfb730-ecaa-11e6-8f88-34363bc7c4c0": {
                                "create": 5400000000000,
                                "delete": 5400000000000,
                                "update": 5400000000000
                            }
                        },
                        "tainted": false
                    },
                    "deposed": [],
                    "provider": "provider.ibm"
                },
                "ibm_container_worker_pool_zone_attachment.multizone.2": {
                    "type": "ibm_container_worker_pool_zone_attachment",
                    "depends_on": [
                        "data.ibm_resource_group.resource-group",
                        "ibm_container_cluster.iks-cluster",
                        "ibm_container_worker_pool.multizone",
                        "ibm_network_vlan.private.*",
                        "ibm_network_vlan.public.*"
                    ],
                    "primary": {
                        "id": "bpaks2ad0nq9jj2i66mg/bpaks2ad0nq9jj2i66mg-d36791a/dal13",
                        "attributes": {
                            "cluster": "bpaks2ad0nq9jj2i66mg",
                            "id": "bpaks2ad0nq9jj2i66mg/bpaks2ad0nq9jj2i66mg-d36791a/dal13",
                            "private_vlan_id": "2811774",
                            "public_vlan_id": "2811782",
                            "region": "us-south",
                            "resource_group_id": "c66327a3523043c39a6411a787915d5a",
                            "worker_count": "5",
                            "worker_pool": "bpaks2ad0nq9jj2i66mg-d36791a",
                            "zone": "dal13"
                        },
                        "meta": {
                            "e2bfb730-ecaa-11e6-8f88-34363bc7c4c0": {
                                "create": 5400000000000,
                                "delete": 5400000000000,
                                "update": 5400000000000
                            }
                        },
                        "tainted": false
                    },
                    "deposed": [],
                    "provider": "provider.ibm"
                },
                "ibm_network_vlan.private.0": {
                    "type": "ibm_network_vlan",
                    "depends_on": [],
                    "primary": {
                        "id": "2811778",
                        "attributes": {
                            "child_resource_count": "6",
                            "datacenter": "dal10",
                            "id": "2811778",
                            "name": "f-ingestes-dal10",
                            "resource_controller_url": "https://cloud.ibm.com/classic/network/vlans/2811778",
                            "resource_name": "f-ingestes-dal10",
                            "router_hostname": "bcr02a.dal10",
                            "softlayer_managed": "false",
                            "subnets.#": "1",
                            "subnets.0.cidr": "26",
                            "subnets.0.gateway": "",
                            "subnets.0.subnet": "10.221.115.128/26",
                            "subnets.0.subnet_size": "64",
                            "subnets.0.subnet_type": "ADDITIONAL_PRIMARY",
                            "type": "PRIVATE",
                            "vlan_number": "2020"
                        },
                        "meta": {
                            "e2bfb730-ecaa-11e6-8f88-34363bc7c4c0": {
                                "create": 600000000000,
                                "delete": 600000000000
                            }
                        },
                        "tainted": false
                    },
                    "deposed": [],
                    "provider": "provider.ibm"
                },
                "ibm_network_vlan.private.1": {
                    "type": "ibm_network_vlan",
                    "depends_on": [],
                    "primary": {
                        "id": "2811784",
                        "attributes": {
                            "child_resource_count": "5",
                            "datacenter": "dal12",
                            "id": "2811784",
                            "name": "f-ingestes-dal12",
                            "resource_controller_url": "https://cloud.ibm.com/classic/network/vlans/2811784",
                            "resource_name": "f-ingestes-dal12",
                            "router_hostname": "bcr02a.dal12",
                            "softlayer_managed": "false",
                            "subnets.#": "1",
                            "subnets.0.cidr": "26",
                            "subnets.0.gateway": "",
                            "subnets.0.subnet": "10.74.40.128/26",
                            "subnets.0.subnet_size": "64",
                            "subnets.0.subnet_type": "ADDITIONAL_PRIMARY",
                            "type": "PRIVATE",
                            "vlan_number": "2051"
                        },
                        "meta": {
                            "e2bfb730-ecaa-11e6-8f88-34363bc7c4c0": {
                                "create": 600000000000,
                                "delete": 600000000000
                            }
                        },
                        "tainted": false
                    },
                    "deposed": [],
                    "provider": "provider.ibm"
                },
                "ibm_network_vlan.private.2": {
                    "type": "ibm_network_vlan",
                    "depends_on": [],
                    "primary": {
                        "id": "2811774",
                        "attributes": {
                            "child_resource_count": "5",
                            "datacenter": "dal13",
                            "id": "2811774",
                            "name": "f-ingestes-dal13",
                            "resource_controller_url": "https://cloud.ibm.com/classic/network/vlans/2811774",
                            "resource_name": "f-ingestes-dal13",
                            "router_hostname": "bcr02a.dal13",
                            "softlayer_managed": "false",
                            "subnets.#": "1",
                            "subnets.0.cidr": "26",
                            "subnets.0.gateway": "",
                            "subnets.0.subnet": "10.220.233.128/26",
                            "subnets.0.subnet_size": "64",
                            "subnets.0.subnet_type": "ADDITIONAL_PRIMARY",
                            "type": "PRIVATE",
                            "vlan_number": "3232"
                        },
                        "meta": {
                            "e2bfb730-ecaa-11e6-8f88-34363bc7c4c0": {
                                "create": 600000000000,
                                "delete": 600000000000
                            }
                        },
                        "tainted": false
                    },
                    "deposed": [],
                    "provider": "provider.ibm"
                },
                "ibm_network_vlan.public.0": {
                    "type": "ibm_network_vlan",
                    "depends_on": [],
                    "primary": {
                        "id": "2811780",
                        "attributes": {
                            "child_resource_count": "6",
                            "datacenter": "dal10",
                            "id": "2811780",
                            "name": "ingestes-dal10",
                            "resource_controller_url": "https://cloud.ibm.com/classic/network/vlans/2811780",
                            "resource_name": "ingestes-dal10",
                            "router_hostname": "fcr02a.dal10",
                            "softlayer_managed": "false",
                            "subnets.#": "1",
                            "subnets.0.cidr": "28",
                            "subnets.0.gateway": "",
                            "subnets.0.subnet": "169.63.240.48/28",
                            "subnets.0.subnet_size": "16",
                            "subnets.0.subnet_type": "ADDITIONAL_PRIMARY",
                            "type": "PUBLIC",
                            "vlan_number": "1836"
                        },
                        "meta": {
                            "e2bfb730-ecaa-11e6-8f88-34363bc7c4c0": {
                                "create": 600000000000,
                                "delete": 600000000000
                            }
                        },
                        "tainted": false
                    },
                    "deposed": [],
                    "provider": "provider.ibm"
                },
                "ibm_network_vlan.public.1": {
                    "type": "ibm_network_vlan",
                    "depends_on": [],
                    "primary": {
                        "id": "2811776",
                        "attributes": {
                            "child_resource_count": "5",
                            "datacenter": "dal12",
                            "id": "2811776",
                            "name": "ingestes-dal12",
                            "resource_controller_url": "https://cloud.ibm.com/classic/network/vlans/2811776",
                            "resource_name": "ingestes-dal12",
                            "router_hostname": "fcr02a.dal12",
                            "softlayer_managed": "false",
                            "subnets.#": "1",
                            "subnets.0.cidr": "28",
                            "subnets.0.gateway": "",
                            "subnets.0.subnet": "169.61.152.224/28",
                            "subnets.0.subnet_size": "16",
                            "subnets.0.subnet_type": "ADDITIONAL_PRIMARY",
                            "type": "PUBLIC",
                            "vlan_number": "794"
                        },
                        "meta": {
                            "e2bfb730-ecaa-11e6-8f88-34363bc7c4c0": {
                                "create": 600000000000,
                                "delete": 600000000000
                            }
                        },
                        "tainted": false
                    },
                    "deposed": [],
                    "provider": "provider.ibm"
                },
                "ibm_network_vlan.public.2": {
                    "type": "ibm_network_vlan",
                    "depends_on": [],
                    "primary": {
                        "id": "2811782",
                        "attributes": {
                            "child_resource_count": "5",
                            "datacenter": "dal13",
                            "id": "2811782",
                            "name": "ingestes-dal13",
                            "resource_controller_url": "https://cloud.ibm.com/classic/network/vlans/2811782",
                            "resource_name": "ingestes-dal13",
                            "router_hostname": "fcr02a.dal13",
                            "softlayer_managed": "false",
                            "subnets.#": "1",
                            "subnets.0.cidr": "28",
                            "subnets.0.gateway": "",
                            "subnets.0.subnet": "52.117.251.208/28",
                            "subnets.0.subnet_size": "16",
                            "subnets.0.subnet_type": "ADDITIONAL_PRIMARY",
                            "type": "PUBLIC",
                            "vlan_number": "2975"
                        },
                        "meta": {
                            "e2bfb730-ecaa-11e6-8f88-34363bc7c4c0": {
                                "create": 600000000000,
                                "delete": 600000000000
                            }
                        },
                        "tainted": false
                    },
                    "deposed": [],
                    "provider": "provider.ibm"
                },
                "ibm_resource_instance.cos-resource-instance": {
                    "type": "ibm_resource_instance",
                    "depends_on": [
                        "data.ibm_resource_group.resource-group"
                    ],
                    "primary": {
                        "id": "crn:v1:bluemix:public:cloud-object-storage:global:a/b5ecedf6a6bc4b7797bfd611e246f418:4fb8f3b8-5762-4f41-b2ab-6031050cb1de::",
                        "attributes": {
                            "crn": "crn:v1:bluemix:public:cloud-object-storage:global:a/b5ecedf6a6bc4b7797bfd611e246f418:4fb8f3b8-5762-4f41-b2ab-6031050cb1de::",
                            "guid": "4fb8f3b8-5762-4f41-b2ab-6031050cb1de",
                            "id": "crn:v1:bluemix:public:cloud-object-storage:global:a/b5ecedf6a6bc4b7797bfd611e246f418:4fb8f3b8-5762-4f41-b2ab-6031050cb1de::",
                            "location": "global",
                            "name": "analyticsengingestes-cos-poc-trial",
                            "plan": "standard",
                            "resource_controller_url": "https://cloud.ibm.com/services/",
                            "resource_crn": "crn:v1:bluemix:public:cloud-object-storage:global:a/b5ecedf6a6bc4b7797bfd611e246f418:4fb8f3b8-5762-4f41-b2ab-6031050cb1de::",
                            "resource_group_id": "c66327a3523043c39a6411a787915d5a",
                            "resource_group_name": "",
                            "resource_name": "analyticsengingestes-cos-poc-trial",
                            "resource_status": "active",
                            "service": "cloud-object-storage",
                            "status": "active",
                            "tags.#": "0"
                        },
                        "meta": {
                            "e2bfb730-ecaa-11e6-8f88-34363bc7c4c0": {
                                "create": 600000000000,
                                "delete": 3600000000000,
                                "update": 3600000000000
                            }
                        },
                        "tainted": false
                    },
                    "deposed": [],
                    "provider": "provider.ibm"
                },
                "ibm_resource_instance.event-stream": {
                    "type": "ibm_resource_instance",
                    "depends_on": [
                        "data.ibm_resource_group.resource-group"
                    ],
                    "primary": {
                        "id": "crn:v1:bluemix:public:messagehub:us-south:a/b5ecedf6a6bc4b7797bfd611e246f418:d14a33de-062b-4e40-8d69-723d2bc51235::",
                        "attributes": {
                            "crn": "crn:v1:bluemix:public:messagehub:us-south:a/b5ecedf6a6bc4b7797bfd611e246f418:d14a33de-062b-4e40-8d69-723d2bc51235::",
                            "guid": "d14a33de-062b-4e40-8d69-723d2bc51235",
                            "id": "crn:v1:bluemix:public:messagehub:us-south:a/b5ecedf6a6bc4b7797bfd611e246f418:d14a33de-062b-4e40-8d69-723d2bc51235::",
                            "location": "us-south",
                            "name": "analyticseng-ingestes-enterprise-poc-trial",
                            "parameters.%": "1",
                            "parameters.HMAC": "1",
                            "plan": "enterprise-3nodes-2tb",
                            "resource_controller_url": "https://cloud.ibm.com/services/",
                            "resource_crn": "crn:v1:bluemix:public:messagehub:us-south:a/b5ecedf6a6bc4b7797bfd611e246f418:d14a33de-062b-4e40-8d69-723d2bc51235::",
                            "resource_group_id": "c66327a3523043c39a6411a787915d5a",
                            "resource_group_name": "",
                            "resource_name": "analyticseng-ingestes-enterprise-poc-trial",
                            "resource_status": "active",
                            "service": "messagehub",
                            "status": "active",
                            "tags.#": "0"
                        },
                        "meta": {
                            "e2bfb730-ecaa-11e6-8f88-34363bc7c4c0": {
                                "create": 9000000000000,
                                "delete": 5400000000000,
                                "update": 5400000000000
                            }
                        },
                        "tainted": false
                    },
                    "deposed": [],
                    "provider": "provider.ibm"
                },
                "ibm_resource_key.EvenSt-resourceKey": {
                    "type": "ibm_resource_key",
                    "depends_on": [
                        "ibm_resource_instance.event-stream"
                    ],
                    "primary": {
                        "id": "crn:v1:bluemix:public:messagehub:us-south:a/b5ecedf6a6bc4b7797bfd611e246f418:d14a33de-062b-4e40-8d69-723d2bc51235:resource-key:3600d4b4-9e82-4900-bd80-df7f9364dd61",
                        "attributes": {
                            "credentials.%": "15",
                            "credentials.api_key": "UBdW3cUB0Qjs-KNgX0gH0OrgvHfTq6CBFWXNhblxqCyv",
                            "credentials.apikey": "UBdW3cUB0Qjs-KNgX0gH0OrgvHfTq6CBFWXNhblxqCyv",
                            "credentials.iam_apikey_description": "Auto-generated for key 3600d4b4-9e82-4900-bd80-df7f9364dd61",
                            "credentials.iam_apikey_name": "analyticseng-ingestes-poc-trial-key",
                            "credentials.iam_role_crn": "crn:v1:bluemix:public:iam::::serviceRole:Writer",
                            "credentials.iam_serviceid_crn": "crn:v1:bluemix:public:iam-identity::a/b5ecedf6a6bc4b7797bfd611e246f418::serviceid:ServiceId-a3977983-b3c6-42ef-813c-9d2de5de3226",
                            "credentials.instance_id": "d14a33de-062b-4e40-8d69-723d2bc51235",
                            "credentials.kafka_admin_url": "https://mh-spnwjprwpfbwnddjpqnx-4c201a12d7add7c99d2b22e361c6f175-0000.us-south.containers.appdomain.cloud",
                            "credentials.kafka_brokers_sasl.#": "3",
                            "credentials.kafka_brokers_sasl.0": "kafka-0.mh-spnwjprwpfbwnddjpqnx-4c201a12d7add7c99d2b22e361c6f175-0000.us-south.containers.appdomain.cloud:9093",
                            "credentials.kafka_brokers_sasl.1": "kafka-1.mh-spnwjprwpfbwnddjpqnx-4c201a12d7add7c99d2b22e361c6f175-0000.us-south.containers.appdomain.cloud:9093",
                            "credentials.kafka_brokers_sasl.2": "kafka-2.mh-spnwjprwpfbwnddjpqnx-4c201a12d7add7c99d2b22e361c6f175-0000.us-south.containers.appdomain.cloud:9093",
                            "credentials.kafka_http_url": "https://mh-spnwjprwpfbwnddjpqnx-4c201a12d7add7c99d2b22e361c6f175-0000.us-south.containers.appdomain.cloud",
                            "credentials.password": "UBdW3cUB0Qjs-KNgX0gH0OrgvHfTq6CBFWXNhblxqCyv",
                            "credentials.user": "token",
                            "crn": "crn:v1:bluemix:public:messagehub:us-south:a/b5ecedf6a6bc4b7797bfd611e246f418:d14a33de-062b-4e40-8d69-723d2bc51235:resource-key:3600d4b4-9e82-4900-bd80-df7f9364dd61",
                            "id": "crn:v1:bluemix:public:messagehub:us-south:a/b5ecedf6a6bc4b7797bfd611e246f418:d14a33de-062b-4e40-8d69-723d2bc51235:resource-key:3600d4b4-9e82-4900-bd80-df7f9364dd61",
                            "name": "analyticseng-ingestes-poc-trial-key",
                            "parameters.%": "0",
                            "resource_instance_id": "crn:v1:bluemix:public:messagehub:us-south:a/b5ecedf6a6bc4b7797bfd611e246f418:d14a33de-062b-4e40-8d69-723d2bc51235::",
                            "role": "Writer",
                            "status": "active"
                        },
                        "meta": {
                            "e2bfb730-ecaa-11e6-8f88-34363bc7c4c0": {
                                "create": 600000000000,
                                "delete": 600000000000
                            }
                        },
                        "tainted": false
                    },
                    "deposed": [],
                    "provider": "provider.ibm"
                },
                "ibm_resource_key.cos-resource-key": {
                    "type": "ibm_resource_key",
                    "depends_on": [
                        "ibm_resource_instance.cos-resource-instance"
                    ],
                    "primary": {
                        "id": "crn:v1:bluemix:public:cloud-object-storage:global:a/b5ecedf6a6bc4b7797bfd611e246f418:4fb8f3b8-5762-4f41-b2ab-6031050cb1de:resource-key:c3ec4a54-7931-43df-a8a0-0fd85dd16ab9",
                        "attributes": {
                            "credentials.%": "9",
                            "credentials.apikey": "4oHCi5LrCFNVxyB0tnMg6YzYgc0-EV15apBYmw1G5jWE",
                            "credentials.cos_hmac_keys.access_key_id": "c3ec4a54793143dfa8a00fd85dd16ab9",
                            "credentials.cos_hmac_keys.secret_access_key": "619850525644dc5a9740ed87854cb5bfc44790d599aca917",
                            "credentials.endpoints": "https://control.cloud-object-storage.cloud.ibm.com/v2/endpoints",
                            "credentials.iam_apikey_description": "Auto-generated for key c3ec4a54-7931-43df-a8a0-0fd85dd16ab9",
                            "credentials.iam_apikey_name": "analyticsengingestes-cos-poc-trial-key",
                            "credentials.iam_role_crn": "crn:v1:bluemix:public:iam::::serviceRole:Writer",
                            "credentials.iam_serviceid_crn": "crn:v1:bluemix:public:iam-identity::a/b5ecedf6a6bc4b7797bfd611e246f418::serviceid:ServiceId-1f6e206a-14fe-4f22-92c9-73820a5d0aa8",
                            "credentials.resource_instance_id": "crn:v1:bluemix:public:cloud-object-storage:global:a/b5ecedf6a6bc4b7797bfd611e246f418:4fb8f3b8-5762-4f41-b2ab-6031050cb1de::",
                            "crn": "crn:v1:bluemix:public:cloud-object-storage:global:a/b5ecedf6a6bc4b7797bfd611e246f418:4fb8f3b8-5762-4f41-b2ab-6031050cb1de:resource-key:c3ec4a54-7931-43df-a8a0-0fd85dd16ab9",
                            "id": "crn:v1:bluemix:public:cloud-object-storage:global:a/b5ecedf6a6bc4b7797bfd611e246f418:4fb8f3b8-5762-4f41-b2ab-6031050cb1de:resource-key:c3ec4a54-7931-43df-a8a0-0fd85dd16ab9",
                            "name": "analyticsengingestes-cos-poc-trial-key",
                            "parameters.%": "0",
                            "resource_instance_id": "crn:v1:bluemix:public:cloud-object-storage:global:a/b5ecedf6a6bc4b7797bfd611e246f418:4fb8f3b8-5762-4f41-b2ab-6031050cb1de::",
                            "role": "Writer",
                            "status": "active"
                        },
                        "meta": {
                            "e2bfb730-ecaa-11e6-8f88-34363bc7c4c0": {
                                "create": 600000000000,
                                "delete": 600000000000
                            }
                        },
                        "tainted": false
                    },
                    "deposed": [],
                    "provider": "provider.ibm"
                }
            },
            "depends_on": []
        }
    ]
}
